# Generated by conda-lock.
# platform: linux-64
# input_hash: 16ed306f21974eac295ed954acfa02617a3223d08f3b2ea6ff1efa0d3a7087b8
@EXPLICIT
https://conda.anaconda.org/conda-forge/linux-64/_libgcc_mutex-0.1-conda_forge.tar.bz2#d7c89558ba9fa0495403155b64376d81
https://repo.anaconda.com/pkgs/main/linux-64/ca-certificates-2024.12.31-h06a4308_0.conda#3208a05dc81c1e3a788fd6e5a5a38295
https://repo.anaconda.com/pkgs/main/linux-64/ld_impl_linux-64-2.40-h12ee557_0.conda#ee672b5f635340734f58d618b7bca024
https://repo.anaconda.com/pkgs/main/linux-64/nlohmann_json-3.11.2-h6a678d5_0.conda#36890f7abd98066b607211b1773e6343
https://repo.anaconda.com/pkgs/main/noarch/pybind11-abi-4-hd3eb1b0_1.conda#4e440592a9fb70c880b74621aee6c967
https://repo.anaconda.com/pkgs/main/noarch/tzdata-2025a-h04d1e81_0.conda#885caf42f821b98b3321dc4108511a3d
https://conda.anaconda.org/conda-forge/linux-64/libgomp-14.2.0-h77fa898_1.conda#cc3573974587f12dda90d96e3e55a702
https://repo.anaconda.com/pkgs/main/linux-64/libstdcxx-ng-11.2.0-h1234567_1.conda#57623d10a70e09e1d048c2b2b6f4e2dd
https://conda.anaconda.org/conda-forge/linux-64/_openmp_mutex-4.5-2_gnu.tar.bz2#73aaf86a425cc6e73fcf236a5a46396d
https://conda.anaconda.org/conda-forge/linux-64/libgcc-14.2.0-h77fa898_1.conda#3cb76c3f10d3bc7f1105b2fc9db984df
https://conda.anaconda.org/conda-forge/linux-64/libgcc-ng-14.2.0-h69a702a_1.conda#e39480b9ca41323497b05492a63bc35b
https://conda.anaconda.org/conda-forge/linux-64/libstdcxx-14.2.0-hc0a3c3a_1.conda#234a5554c53625688d51062645337328
https://repo.anaconda.com/pkgs/main/linux-64/bzip2-1.0.8-h5eee18b_6.conda#f21a3ff51c1b271977f53ce956a69297
https://repo.anaconda.com/pkgs/main/linux-64/c-ares-1.19.1-h5eee18b_0.conda#6cfbce52273a1cb888821f18ceaa83c4
https://repo.anaconda.com/pkgs/main/linux-64/cpp-expected-1.1.0-hdb19cb5_0.conda#3a195bcf47b691adb4a635a8b7f396f7
https://repo.anaconda.com/pkgs/main/linux-64/expat-2.6.4-h6a678d5_0.conda#3ec804f5b85a66e64b262cc2341dd004
https://repo.anaconda.com/pkgs/main/linux-64/fmt-9.1.0-hdb19cb5_1.conda#4f12930203ff2d84df5d287af9b29858
https://repo.anaconda.com/pkgs/main/linux-64/icu-73.1-h6a678d5_0.conda#6d09df641fc23f7d277a04dc7ea32dd4
https://repo.anaconda.com/pkgs/main/linux-64/libev-4.33-h7f8727e_1.conda#5065620db4393fb549f30114a33897d1
https://repo.anaconda.com/pkgs/main/linux-64/libffi-3.4.4-h6a678d5_1.conda#70646cc713f0c43926cfdcfe9b695fe0
https://repo.anaconda.com/pkgs/main/linux-64/libiconv-1.16-h5eee18b_3.conda#197b1a0886a31fccab2167340528eebc
https://repo.anaconda.com/pkgs/main/linux-64/liblief-0.12.3-h6a678d5_0.conda#9996383fc2561614e4d54490aea33f8e
https://repo.anaconda.com/pkgs/main/linux-64/libuuid-1.41.5-h5eee18b_0.conda#4a6a2354414c9080327274aa514e5299
https://repo.anaconda.com/pkgs/main/linux-64/lz4-c-1.9.4-h6a678d5_1.conda#2ee58861f2b92b868ce761abb831819d
https://repo.anaconda.com/pkgs/main/linux-64/ncurses-6.4-h6a678d5_0.conda#5558eec6e2191741a92f832ea826251c
https://repo.anaconda.com/pkgs/main/linux-64/openssl-3.0.15-h5eee18b_0.conda#019e501b69841c6d4aeaef3b8619a678
https://repo.anaconda.com/pkgs/main/linux-64/patch-2.7.6-h7b6447c_1001.conda#5a47ace7ef08447fe6a602ff16129393
https://repo.anaconda.com/pkgs/main/linux-64/patchelf-0.17.2-h6a678d5_0.conda#63ad6ea1e47f568a1bdb5edb66734026
https://repo.anaconda.com/pkgs/main/linux-64/reproc-14.2.4-h6a678d5_2.conda#3c6dbc6c60b3897222d79359343e90fa
https://repo.anaconda.com/pkgs/main/linux-64/simdjson-3.10.1-hdb19cb5_0.conda#7b2a4b5be590071e1b4dce77b413d26a
https://conda.anaconda.org/conda-forge/linux-64/uv-0.5.24-h0f3a69f_0.conda#0f9bf056a83a0f5376a07e48614e4b44
https://repo.anaconda.com/pkgs/main/linux-64/xz-5.4.6-h5eee18b_1.conda#1562802f843297ee776a50b9329597ed
https://repo.anaconda.com/pkgs/main/linux-64/yaml-0.2.5-h7b6447c_0.conda#39fdbf4db769e494ffb06d95680c83d8
https://repo.anaconda.com/pkgs/main/linux-64/yaml-cpp-0.8.0-h6a678d5_1.conda#015d2d74ad3c8e53eec3358637433718
https://repo.anaconda.com/pkgs/main/linux-64/zlib-1.2.13-h5eee18b_1.conda#92e42d8310108b0a440fb2e60b2b2a25
https://repo.anaconda.com/pkgs/main/linux-64/libedit-3.1.20230828-h5eee18b_0.conda#850eb5a9d2d7d3c66cce12e84406ca08
https://repo.anaconda.com/pkgs/main/linux-64/libnghttp2-1.57.0-h2d74bed_0.conda#674871621300f54e7ffcf93e6e341638
https://repo.anaconda.com/pkgs/main/linux-64/libssh2-1.11.1-h251f7ec_0.conda#dd68c24355431c0543339dda1404129d
https://repo.anaconda.com/pkgs/main/linux-64/libxml2-2.13.5-hfdd30dd_0.conda#491a355fbc51e30d42c76e1cb6716b8a
https://repo.anaconda.com/pkgs/main/linux-64/pcre2-10.42-hebb0a14_1.conda#727e15c3cfa02b032da4eb0c1123e977
https://repo.anaconda.com/pkgs/main/linux-64/readline-8.2-h5eee18b_0.conda#be42180685cce6e6b0329201d9f48efb
https://repo.anaconda.com/pkgs/main/linux-64/reproc-cpp-14.2.4-h6a678d5_2.conda#b03aa4903158279f003e7032ab9f5601
https://repo.anaconda.com/pkgs/main/linux-64/spdlog-1.11.0-hdb19cb5_0.conda#023cfe6341f1d90dee2016e608538537
https://repo.anaconda.com/pkgs/main/linux-64/tk-8.6.14-h39e8969_0.conda#78dbc5e3c69143ebc037fc5d5b22e597
https://repo.anaconda.com/pkgs/main/linux-64/zstd-1.5.6-hc292b87_0.conda#78ae7abd3020b41f827b35085845e1b8
https://repo.anaconda.com/pkgs/main/linux-64/krb5-1.20.1-h143b758_1.conda#cf1accc86321fa25d6b978cc748039ae
https://repo.anaconda.com/pkgs/main/linux-64/libarchive-3.7.7-hfab0078_0.conda#c208e4f83c30250d659102b271e8d4e6
https://repo.anaconda.com/pkgs/main/linux-64/libglib-2.78.4-hdc74915_0.conda#2f6d27741e931d5b6ba56e1a1312aaf0
https://repo.anaconda.com/pkgs/main/linux-64/libsolv-0.7.30-he621ea3_1.conda#6918c29c4b65f21c71aac679b49c02e4
https://repo.anaconda.com/pkgs/main/linux-64/sqlite-3.45.3-h5eee18b_0.conda#acf93d6aceb74d6110e20b44cc45939e
https://repo.anaconda.com/pkgs/main/linux-64/glib-tools-2.78.4-h6a678d5_0.conda#3dbe6227cd59818dca9afb75ccb70708
https://repo.anaconda.com/pkgs/main/linux-64/libcurl-8.11.1-hc9e6f67_0.conda#35c32ae0ed144928f0e531698b6e26f5
https://repo.anaconda.com/pkgs/main/linux-64/python-3.10.16-he870216_1.conda#2e23313e7401de5e071765ad2fba894e
https://repo.anaconda.com/pkgs/main/linux-64/anaconda-anon-usage-0.5.0-py310hfc0e8ea_100.conda#9eeefcb4996074d52c3c2f389c841cef
https://repo.anaconda.com/pkgs/main/linux-64/annotated-types-0.6.0-py310h06a4308_0.conda#4cc3926683a9d61553ec5a0c1530fc06
https://repo.anaconda.com/pkgs/main/noarch/archspec-0.2.3-pyhd3eb1b0_0.conda#13d01ee2d343d8539bb47055a6c0b5b2
https://repo.anaconda.com/pkgs/main/linux-64/attrs-24.3.0-py310h06a4308_0.conda#e19d5f1f4bfc6ddef75479096947a3e8
https://repo.anaconda.com/pkgs/main/linux-64/boltons-24.1.0-py310h06a4308_0.conda#13dbd07a0a1b9aab671fbc97b5090046
https://repo.anaconda.com/pkgs/main/linux-64/brotli-python-1.0.9-py310h6a678d5_9.conda#561f71afb8b276d8e21aae448a4d74a0
https://repo.anaconda.com/pkgs/main/linux-64/certifi-2024.12.14-py310h06a4308_0.conda#576609fccaeb5a8ff0d63dce114fd7f2
https://repo.anaconda.com/pkgs/main/linux-64/chardet-4.0.0-py310h06a4308_1003.conda#29ec302e607a23642d21c1ae323757b9
https://repo.anaconda.com/pkgs/main/noarch/charset-normalizer-3.3.2-pyhd3eb1b0_0.conda#c6fea3691e85cf7f568b0618ec29fc4f
https://repo.anaconda.com/pkgs/main/linux-64/click-8.1.7-py310h06a4308_0.conda#5b367e0f21e45a105c1d0ccd452b46b7
https://repo.anaconda.com/pkgs/main/linux-64/colorama-0.4.6-py310h06a4308_0.conda#7af8aba349d231595e84a92b6eede917
https://repo.anaconda.com/pkgs/main/noarch/defusedxml-0.7.1-pyhd3eb1b0_0.conda#d912068b0729930972adcaac338882c0
https://repo.anaconda.com/pkgs/main/linux-64/distlib-0.3.8-py310h06a4308_0.conda#b36dd9c8c42d02cbbadf1ce516e166b3
https://repo.anaconda.com/pkgs/main/linux-64/distro-1.9.0-py310h06a4308_0.conda#4daeace877a3b0bdb9716b69729e4be1
https://repo.anaconda.com/pkgs/main/linux-64/docutils-0.18.1-py310h06a4308_3.conda#5613973eae6fa1c63272b3aee8999580
https://repo.anaconda.com/pkgs/main/linux-64/exceptiongroup-1.2.0-py310h06a4308_0.conda#3cb78287eb8e4433200935a07d19a03e
https://repo.anaconda.com/pkgs/main/linux-64/filelock-3.13.1-py310h06a4308_0.conda#b0ea92b64435f35302a514d46d035510
https://repo.anaconda.com/pkgs/main/linux-64/frozendict-2.4.2-py310h5eee18b_0.conda#d60ee615231f33a2ab3a79a03bae47cc
https://repo.anaconda.com/pkgs/main/linux-64/glib-2.78.4-h6a678d5_0.conda#045ff487547f7b2b7ff01648681b8ebe
https://repo.anaconda.com/pkgs/main/linux-64/h11-0.14.0-py310h06a4308_0.conda#68fa9a8aa8982390f05ce0e189551d1e
https://repo.anaconda.com/pkgs/main/linux-64/idna-3.7-py310h06a4308_0.conda#e6999f40f91d7c7e46dc13b4283cb6d8
https://repo.anaconda.com/pkgs/main/noarch/jeepney-0.7.1-pyhd3eb1b0_0.conda#f115ef0af90b59f35ef56743955979a4
https://repo.anaconda.com/pkgs/main/noarch/jsonpointer-2.1-pyhd3eb1b0_0.conda#298ff809e733cb04366e4e629c65aa8d
https://repo.anaconda.com/pkgs/main/linux-64/libmamba-2.0.5-haf1ee3a_1.conda#0f1450592dc7555e315f5d684ce481eb
https://repo.anaconda.com/pkgs/main/linux-64/markupsafe-2.1.3-py310h5eee18b_1.conda#194b559230c6ff31c5902b96dd982c73
https://repo.anaconda.com/pkgs/main/linux-64/mdurl-0.1.0-py310h06a4308_0.conda#3f1edd5cb1c88f35898cacb0308ac709
https://repo.anaconda.com/pkgs/main/linux-64/menuinst-2.2.0-py310h06a4308_0.conda#bfb7b70d35990db9a20ddbd7946fb9ba
https://repo.anaconda.com/pkgs/main/linux-64/more-itertools-10.3.0-py310h06a4308_0.conda#9b6663a0196bba2b3b01c9fb89dfee28
https://repo.anaconda.com/pkgs/main/linux-64/packaging-24.2-py310h06a4308_0.conda#8d8e19d60781d6d5383cceb4096877f0
https://repo.anaconda.com/pkgs/main/linux-64/pathspec-0.10.3-py310h06a4308_0.conda#801ec405b191788df01b7a49c9a5449c
https://repo.anaconda.com/pkgs/main/linux-64/pkginfo-1.11.2-py310h06a4308_0.conda#105859a665f15dcd8b8b51a134079ebd
https://repo.anaconda.com/pkgs/main/linux-64/platformdirs-3.10.0-py310h06a4308_0.conda#e75261f061adb0fcb519c8b842789132
https://repo.anaconda.com/pkgs/main/linux-64/pluggy-1.5.0-py310h06a4308_0.conda#b8b3dfa26e4aa75bafd01c3c1b669b95
https://repo.anaconda.com/pkgs/main/linux-64/psutil-5.9.0-py310h5eee18b_1.conda#8b8bbf2432c3811b455ac12d3308bd21
https://repo.anaconda.com/pkgs/main/noarch/ptyprocess-0.7.0-pyhd3eb1b0_2.conda#7441d2827d4bfbcc1fa308875a146246
https://repo.anaconda.com/pkgs/main/linux-64/py-lief-0.12.3-py310h6a678d5_0.conda#deb974cab7b8521457561e115ac21bfc
https://repo.anaconda.com/pkgs/main/linux-64/pycosat-0.6.6-py310h5eee18b_2.conda#a13476bf566569df521b13fce217bd59
https://repo.anaconda.com/pkgs/main/noarch/pycparser-2.21-pyhd3eb1b0_0.conda#135a72ff2a31150a3a3ff0b1edd41ca9
https://repo.anaconda.com/pkgs/main/linux-64/pygments-2.15.1-py310h06a4308_1.conda#fa74688099132ad3b477dff90d2ad426
https://repo.anaconda.com/pkgs/main/linux-64/pysocks-1.7.1-py310h06a4308_0.conda#b0753810caadcd4a550c833f87fb3866
https://repo.anaconda.com/pkgs/main/linux-64/python-fastjsonschema-2.20.0-py310h06a4308_0.conda#b01751acbe20e5808a0abf2c82494c36
https://repo.anaconda.com/pkgs/main/noarch/python-libarchive-c-5.1-pyhd3eb1b0_0.conda#7952606fde014b712cc9ff33622921bf
https://repo.anaconda.com/pkgs/main/linux-64/pytz-2024.1-py310h06a4308_0.conda#afa7054a6953af1313cdbcaad46318c6
https://repo.anaconda.com/pkgs/main/linux-64/pyyaml-6.0.2-py310h5eee18b_0.conda#c4281651115e7150d7ec96b1c33fb948
https://repo.anaconda.com/pkgs/main/linux-64/readchar-4.0.5-py310h06a4308_0.conda#13cd8adfb9994b8d8046f42dc1c15e8e
https://repo.anaconda.com/pkgs/main/noarch/rfc3986-1.4.0-pyhd3eb1b0_0.conda#be5667c380895da8c92483ac0c5e6d7a
https://repo.anaconda.com/pkgs/main/linux-64/rpds-py-0.22.3-py310h4aa5aa6_0.conda#56a6297ab6ea2659476353556f5a5e69
https://repo.anaconda.com/pkgs/main/linux-64/ruamel.yaml.clib-0.2.8-py310h5eee18b_0.conda#3c125b9704a74212bd536545f9bedec0
https://repo.anaconda.com/pkgs/main/linux-64/setuptools-75.1.0-py310h06a4308_0.conda#8f1bdaed0c9c46968ea050afe3cd8a79
https://repo.anaconda.com/pkgs/main/linux-64/shellingham-1.5.0-py310h06a4308_0.conda#bc1ee3249086c74f8e57dad73557005a
https://repo.anaconda.com/pkgs/main/noarch/six-1.16.0-pyhd3eb1b0_1.conda#34586824d411d36af2fa40e799c172d0
https://repo.anaconda.com/pkgs/main/linux-64/sniffio-1.3.0-py310h06a4308_0.conda#57a56b93cd6fcda1b4c62545f34e4e08
https://repo.anaconda.com/pkgs/main/linux-64/soupsieve-2.5-py310h06a4308_0.conda#3c548d3f16f4d02da970812eade65790
https://repo.anaconda.com/pkgs/main/linux-64/tomli-2.0.1-py310h06a4308_0.conda#16e032c58fc284838f0e0b42f03d5a1d
https://repo.anaconda.com/pkgs/main/noarch/tomli-w-1.0.0-pyhd3eb1b0_0.conda#cf95e059a708484fd176e031aa6218e6
https://repo.anaconda.com/pkgs/main/linux-64/tomlkit-0.13.2-py310h06a4308_0.conda#9de27ea6d40c20f845156614a78ca1aa
https://repo.anaconda.com/pkgs/main/linux-64/tqdm-4.66.5-py310h2f386ee_0.conda#1c8ef064ef328f5ae08ee67ab91e34c4
https://repo.anaconda.com/pkgs/main/linux-64/traitlets-5.14.3-py310h06a4308_0.conda#41493f5ef185d46a832281f22678cb5a
https://repo.anaconda.com/pkgs/main/linux-64/trove-classifiers-2024.10.14-py310h06a4308_0.conda#1b548bcbf232720fc1028e4c8128b6cc
https://repo.anaconda.com/pkgs/main/linux-64/truststore-0.10.0-py310h06a4308_0.conda#d9fad77417fcfc873cef0bdf4a8733f0
https://repo.anaconda.com/pkgs/main/linux-64/typing_extensions-4.12.2-py310h06a4308_0.conda#1c613d5f0909542de272aa78cda283c4
https://repo.anaconda.com/pkgs/main/linux-64/webencodings-0.5.1-py310h06a4308_1.conda#bf910a6e6f99eb6d9d2ba14bd7b7c066
https://repo.anaconda.com/pkgs/main/linux-64/zipp-3.21.0-py310h06a4308_0.conda#21d3c3f34a050f99635970a755874e72
https://repo.anaconda.com/pkgs/main/linux-64/anyio-4.6.2-py310h06a4308_0.conda#316b9e362c212fae7c7cc15ec4a62897
https://repo.anaconda.com/pkgs/main/linux-64/beautifulsoup4-4.12.3-py310h06a4308_0.conda#9af8d216db44081940b4d4475390e629
https://repo.anaconda.com/pkgs/main/linux-64/bleach-6.2.0-py310h06a4308_0.conda#5ad7f27f71cac71773f92e4a5aaf4857
https://repo.anaconda.com/pkgs/main/linux-64/cffi-1.17.1-py310h1fdaa30_1.conda#425e431724924fd4abe414106968f000
https://repo.anaconda.com/pkgs/main/linux-64/dbus-1.13.18-hb2f20db_0.conda#6a6a6f1391f807847404344489ef6cf4
https://repo.anaconda.com/pkgs/main/linux-64/hatchling-1.27.0-py310h06a4308_0.conda#a510badee7272c35a08612df2c7c385b
https://repo.anaconda.com/pkgs/main/linux-64/httpcore-1.0.2-py310h06a4308_0.conda#e94efcfc6f0fea751999b082e74b425e
https://repo.anaconda.com/pkgs/main/noarch/hyperlink-21.0.0-pyhd3eb1b0_0.conda#8b1ba827e0fecc1c857577a3d51aa653
https://repo.anaconda.com/pkgs/main/linux-64/importlib-metadata-8.5.0-py310h06a4308_0.conda#b75953edb7986b5cf57bd0f994a30cba
https://repo.anaconda.com/pkgs/main/noarch/jaraco.classes-3.2.1-pyhd3eb1b0_0.conda#7f47c66b55e92b2724174847703df72f
https://repo.anaconda.com/pkgs/main/linux-64/jinja2-3.1.5-py310h06a4308_0.conda#0df227a22c65f638d67918b5011f208e
https://repo.anaconda.com/pkgs/main/linux-64/jsonpatch-1.33-py310h06a4308_1.conda#37d54a44475726ff4fba1093add64ba7
https://repo.anaconda.com/pkgs/main/linux-64/jupyter_core-5.7.2-py310h06a4308_0.conda#3ffb5ce9b6602b43145787e347336dad
https://repo.anaconda.com/pkgs/main/linux-64/libmambapy-2.0.5-py310hdb19cb5_1.conda#65b3f9742bf3ff3c109d70f6cfb4fc04
https://repo.anaconda.com/pkgs/main/linux-64/markdown-it-py-2.2.0-py310h06a4308_1.conda#566428b810cf9c5aaf47636a49fd42b8
https://repo.anaconda.com/pkgs/main/noarch/pexpect-4.8.0-pyhd3eb1b0_3.conda#765b2562d6cdd14bb6d44fc170a04331
https://repo.anaconda.com/pkgs/main/linux-64/python-dateutil-2.9.0post0-py310h06a4308_2.conda#004cb2d4a6c2ad5f0f512816947a6989
https://repo.anaconda.com/pkgs/main/linux-64/python-dotenv-0.21.0-py310h06a4308_0.conda#c923721de10b212c285e4addc52df5a6
https://repo.anaconda.com/pkgs/main/linux-64/referencing-0.30.2-py310h06a4308_0.conda#b1ba1ff819562e8608cfe45b77cd6494
https://repo.anaconda.com/pkgs/main/linux-64/ruamel.yaml-0.18.6-py310h5eee18b_0.conda#bb6e4acd0e6fc22519ab24bedc307c8a
https://repo.anaconda.com/pkgs/main/linux-64/setuptools-scm-8.1.0-py310h06a4308_0.conda#e026db63d50af380c1727c3df601e5cf
https://repo.anaconda.com/pkgs/main/linux-64/typing-extensions-4.12.2-py310h06a4308_0.conda#b2f91406eb09155c49dc1a7349605db4
https://repo.anaconda.com/pkgs/main/linux-64/urllib3-2.3.0-py310h06a4308_0.conda#5fde4a910d08988806602a221aeaa3d1
https://conda.anaconda.org/conda-forge/noarch/userpath-1.9.2-pyhd8ed1ab_0.conda#946e3571aaa55e0870fec0dea13de3bf
https://repo.anaconda.com/pkgs/main/linux-64/virtualenv-20.28.0-py310h06a4308_0.conda#6fb11d4ca5a8b923875806eb83535b8b
https://repo.anaconda.com/pkgs/main/linux-64/cmarkgfm-2022.10.27-py310h5eee18b_0.conda#540e0133d0f0732f850204b89b835d01
https://repo.anaconda.com/pkgs/main/linux-64/cryptography-43.0.3-py310h7825ff9_1.conda#5c2838d3ebe6520d5a16a953e7b168f2
https://repo.anaconda.com/pkgs/main/linux-64/hatch-vcs-0.3.0-py310h06a4308_0.conda#48ed01287f91a0b74c31095c58285918
https://repo.anaconda.com/pkgs/main/linux-64/httpx-0.27.0-py310h06a4308_0.conda#dedde5500968ab1545bef84cdb731c1a
https://repo.anaconda.com/pkgs/main/noarch/importlib_metadata-8.5.0-hd3eb1b0_0.conda#8db7330fd612d77ce54e9e5b38e1f47d
https://repo.anaconda.com/pkgs/main/linux-64/jsonschema-specifications-2023.7.1-py310h06a4308_0.conda#0cf6985bde6513725f978825b4a1fe24
https://repo.anaconda.com/pkgs/main/linux-64/pydantic-core-2.27.1-py310h4aa5aa6_0.conda#f555cec4178a7dc2837b170bfa4f8a35
https://repo.anaconda.com/pkgs/main/linux-64/requests-2.32.3-py310h06a4308_1.conda#1b93ce7cb17d7232b9428d1a0f469be7
https://repo.anaconda.com/pkgs/main/linux-64/rich-13.9.4-py310h06a4308_0.conda#0799626caa5a1e5a3a8b3568afefc591
https://repo.anaconda.com/pkgs/main/linux-64/zstandard-0.23.0-py310h2c38b39_1.conda#2167cee1b237746770de4088c8cc57ae
https://repo.anaconda.com/pkgs/main/linux-64/conda-package-streaming-0.11.0-py310h06a4308_0.conda#06e24af3a3ef50dae478c45f23e3be30
https://conda.anaconda.org/conda-forge/noarch/id-1.5.0-pyh29332c3_0.conda#d37314c8f553e3b4b44d113a0ee10196
https://repo.anaconda.com/pkgs/main/linux-64/jsonschema-4.23.0-py310h06a4308_0.conda#e17287cff02d5cfb7adfe65df55b69a7
https://repo.anaconda.com/pkgs/main/linux-64/pydantic-2.10.3-py310h06a4308_0.conda#ee16672caa9f0b121985367563b30409
https://repo.anaconda.com/pkgs/main/linux-64/readme_renderer-40.0-py310h06a4308_0.conda#6a50b46acccb4d771f3a1e06ee4e0361
https://repo.anaconda.com/pkgs/main/linux-64/requests-toolbelt-1.0.0-py310h06a4308_0.conda#6b22af4315da9735f14d572a37886c09
https://repo.anaconda.com/pkgs/main/linux-64/secretstorage-3.3.1-py310h06a4308_1.conda#c2180530067e077ecaff4d488fa3e0dc
https://repo.anaconda.com/pkgs/main/linux-64/typer-0.9.0-py310h06a4308_0.conda#7fbdb917e8a8d514b2c8d9834f915121
https://repo.anaconda.com/pkgs/main/linux-64/conda-package-handling-2.4.0-py310h06a4308_0.conda#e54fdadb6bad4ac4e5da3042d053394e
https://repo.anaconda.com/pkgs/main/linux-64/keyring-24.3.1-py310h06a4308_0.conda#44932698f14cd0efde9b52280dece512
https://repo.anaconda.com/pkgs/main/linux-64/nbformat-5.10.4-py310h06a4308_0.conda#1993cfd26b800dd078714ec1f48eb7cd
https://repo.anaconda.com/pkgs/main/linux-64/pydantic-settings-2.6.1-py310h06a4308_0.conda#d16ddf4a73f1a8a38cd4c889c6047f87
https://repo.anaconda.com/pkgs/main/linux-64/anaconda-cli-base-0.4.1-py310h06a4308_1.conda#058f1e70cddfa7dc07004b2cd78c4971
https://conda.anaconda.org/conda-forge/noarch/hatch-1.14.0-pyhd8ed1ab_1.conda#b34bdd91d7298c76d9891cea6c8ab27f
https://conda.anaconda.org/conda-forge/noarch/twine-6.1.0-pyh29332c3_0.conda#d319066fad04e07a0223bf9936090161
https://repo.anaconda.com/pkgs/main/linux-64/anaconda-client-1.13.0-py310h06a4308_0.conda#8e752afbe44bd6f7b6977929253ff7c2
https://repo.anaconda.com/pkgs/main/linux-64/conda-25.1.0-py310h06a4308_0.conda#92dad1d8e8352af644a2acb298f2472c
https://repo.anaconda.com/pkgs/main/linux-64/conda-index-0.5.0-py310h06a4308_0.conda#c7c268176ee949b328a96a56d63ddac2
https://repo.anaconda.com/pkgs/main/noarch/conda-libmamba-solver-25.1.1-pyhd3eb1b0_0.conda#6a98b39c0a2191317e22344a10357f2f
https://repo.anaconda.com/pkgs/main/linux-64/conda-build-25.1.1-py310h06a4308_0.conda#38c7c1cc200e2240ad2d579ab65d39f8
